
Microsoft Visual Studio Solution File, Format Version 11.00
# Visual Studio 2010
Project("{FAE04EC0-301F-11D3-BF4B-00C04F79EFBC}") = "Core", "Core\Core\Core.csproj", "{55BAFEE0-1DC5-4500-89ED-809F7A82415D}"
EndProject
Project("{FAE04EC0-301F-11D3-BF4B-00C04F79EFBC}") = "CoreImpl2D", "Core\CoreImpl2D\CoreImpl2D.csproj", "{5F57001B-1D90-4B81-B936-D7AA570C9CA6}"
EndProject
Project("{FAE04EC0-301F-11D3-BF4B-00C04F79EFBC}") = "CoreImpl1D", "Core\CoreImpl1D\CoreImpl1D.csproj", "{16E0FF81-1548-4955-828D-C515E26DC750}"
EndProject
Project("{FAE04EC0-301F-11D3-BF4B-00C04F79EFBC}") = "LoadBalancing", "Core\LoadBalancing\LoadBalancing.csproj", "{91FB499A-D228-4316-B590-46C41CEE0534}"
EndProject
Project("{FAE04EC0-301F-11D3-BF4B-00C04F79EFBC}") = "GeneratorPluginCore", "Core\Plugins\GeneratorPluginCore\GeneratorPluginCore.csproj", "{98F0694A-7389-4F60-9FA5-AE054CDC6091}"
EndProject
Project("{2150E333-8FDC-42A3-9474-1A3956D46DE8}") = "Plugins", "Plugins", "{E2E851F4-0800-4D65-A2B1-6B4042D4430D}"
EndProject
Project("{2150E333-8FDC-42A3-9474-1A3956D46DE8}") = "Generators", "Generators", "{10532082-8ED0-440F-875D-F494705A00CB}"
EndProject
Project("{2150E333-8FDC-42A3-9474-1A3956D46DE8}") = "Visualizers", "Visualizers", "{FEA02944-57DD-4CD0-AE0C-84AD43B78D55}"
EndProject
Project("{2150E333-8FDC-42A3-9474-1A3956D46DE8}") = "Core", "Core", "{9E728391-46B3-4978-956F-200F711096F7}"
EndProject
Project("{FAE04EC0-301F-11D3-BF4B-00C04F79EFBC}") = "UniformGenerator", "Plugins\Generators\UniformGenerator\UniformGenerator.csproj", "{42A76EE4-BF9A-4462-97BF-EF3EB44FC3CB}"
EndProject
Project("{2150E333-8FDC-42A3-9474-1A3956D46DE8}") = "Plugins", "Plugins", "{CFC76CA1-8476-40CC-9881-F309E4C8D7EF}"
EndProject
Project("{FAE04EC0-301F-11D3-BF4B-00C04F79EFBC}") = "LoadBalancingDemonstration", "LoadBalancingDemonstration\LoadBalancingDemonstration.csproj", "{4A71595F-CC1D-4614-BE6F-BF597758EC47}"
	ProjectSection(ProjectDependencies) = postProject
		{2A8AC90E-078A-4044-B51B-96892D13861F} = {2A8AC90E-078A-4044-B51B-96892D13861F}
		{DDD64C33-8C48-47ED-8350-6B8736EE76E3} = {DDD64C33-8C48-47ED-8350-6B8736EE76E3}
		{493A9E39-2A78-4055-9BDC-7F52BB5375E2} = {493A9E39-2A78-4055-9BDC-7F52BB5375E2}
		{9065B360-3792-43AF-A7B7-E77B79B595B6} = {9065B360-3792-43AF-A7B7-E77B79B595B6}
		{259C438B-0EEB-41DC-94DA-6ADB6C457B92} = {259C438B-0EEB-41DC-94DA-6ADB6C457B92}
		{33A59690-A9E6-4F14-9261-D46AB639F807} = {33A59690-A9E6-4F14-9261-D46AB639F807}
		{674756C2-E825-4F61-89A9-92783EC86A40} = {674756C2-E825-4F61-89A9-92783EC86A40}
		{417F2AC7-015E-4789-94BF-F399B59438C1} = {417F2AC7-015E-4789-94BF-F399B59438C1}
		{42A76EE4-BF9A-4462-97BF-EF3EB44FC3CB} = {42A76EE4-BF9A-4462-97BF-EF3EB44FC3CB}
		{9D8CC1E6-DA7B-4112-804D-4DC7E78CCD94} = {9D8CC1E6-DA7B-4112-804D-4DC7E78CCD94}
		{74EB82FA-BA70-4AD6-873D-2DC607747370} = {74EB82FA-BA70-4AD6-873D-2DC607747370}
	EndProjectSection
EndProject
Project("{FAE04EC0-301F-11D3-BF4B-00C04F79EFBC}") = "VisualizerPluginCore", "Core\Plugins\VisualizerPluginCore\VisualizerPluginCore.csproj", "{39BE478E-9729-429E-AE6A-4938304D188A}"
EndProject
Project("{FAE04EC0-301F-11D3-BF4B-00C04F79EFBC}") = "MessageBoxVisualizer", "Plugins\Visualizers\MessageBoxVisualizer\MessageBoxVisualizer.csproj", "{259C438B-0EEB-41DC-94DA-6ADB6C457B92}"
EndProject
Project("{FAE04EC0-301F-11D3-BF4B-00C04F79EFBC}") = "ColorVisualizer", "Plugins\Visualizers\ColorVisualizer\ColorVisualizer.csproj", "{9065B360-3792-43AF-A7B7-E77B79B595B6}"
EndProject
Project("{FAE04EC0-301F-11D3-BF4B-00C04F79EFBC}") = "Visualizer", "Plugins\Visualizers\Visualizer\Visualizer.csproj", "{9D8CC1E6-DA7B-4112-804D-4DC7E78CCD94}"
EndProject
Project("{2150E333-8FDC-42A3-9474-1A3956D46DE8}") = "Utilities", "Utilities", "{9CC5C126-8903-45F5-ADB2-A59D36430935}"
EndProject
Project("{FAE04EC0-301F-11D3-BF4B-00C04F79EFBC}") = "CoreUtilities", "CoreUtilities\CoreUtilities.csproj", "{74EB82FA-BA70-4AD6-873D-2DC607747370}"
EndProject
Project("{FAE04EC0-301F-11D3-BF4B-00C04F79EFBC}") = "AlgorithmPluginCore", "Core\Plugins\AlgorithmPluginCore\AlgorithmPluginCore.csproj", "{E80DA708-28D3-40A0-ABC1-2632B1211F11}"
EndProject
Project("{2150E333-8FDC-42A3-9474-1A3956D46DE8}") = "Algorithms", "Algorithms", "{83111CD2-9798-4F9E-A7AF-5617F6A06577}"
EndProject
Project("{FAE04EC0-301F-11D3-BF4B-00C04F79EFBC}") = "GreedyAlgorithm", "Plugins\Algorithms\GreedyAlgorithm\GreedyAlgorithm.csproj", "{417F2AC7-015E-4789-94BF-F399B59438C1}"
EndProject
Project("{FAE04EC0-301F-11D3-BF4B-00C04F79EFBC}") = "MatrixStorage", "Core\MatrixStorage\MatrixStorage.csproj", "{E0F977A7-A9EF-47BB-BC34-174F233ADB61}"
EndProject
Project("{FAE04EC0-301F-11D3-BF4B-00C04F79EFBC}") = "TestSolutionGenerator", "Plugins\Generators\TestSolutionGenerator\TestSolutionGenerator.csproj", "{674756C2-E825-4F61-89A9-92783EC86A40}"
EndProject
Project("{FAE04EC0-301F-11D3-BF4B-00C04F79EFBC}") = "ProgressBarForm", "Plugins\Visualizers\ProgressBarForm\ProgressBarForm.csproj", "{74E9D950-5134-476C-92A0-62F237EBEC9C}"
EndProject
Project("{FAE04EC0-301F-11D3-BF4B-00C04F79EFBC}") = "FileStorage", "FileStorage\FileStorage.csproj", "{A9EF70DE-11A5-4EF3-BDEA-39DD1106598D}"
EndProject
Project("{FAE04EC0-301F-11D3-BF4B-00C04F79EFBC}") = "GaussGenerator", "Plugins\Generators\GaussGenerator\GaussGenerator.csproj", "{DDD64C33-8C48-47ED-8350-6B8736EE76E3}"
EndProject
Project("{FAE04EC0-301F-11D3-BF4B-00C04F79EFBC}") = "ExponentGenerator", "Plugins\Generators\ExponentGenerator\ExponentGenerator.csproj", "{33A59690-A9E6-4F14-9261-D46AB639F807}"
EndProject
Project("{FAE04EC0-301F-11D3-BF4B-00C04F79EFBC}") = "RectanglesGenerator", "Plugins\Generators\RectanglesGenerator\RectanglesGenerator.csproj", "{493A9E39-2A78-4055-9BDC-7F52BB5375E2}"
EndProject
Project("{FAE04EC0-301F-11D3-BF4B-00C04F79EFBC}") = "FullSearchAlgorithm", "Plugins\Algorithms\FullSearchAlgorithm\FullSearchAlgorithm.csproj", "{2A8AC90E-078A-4044-B51B-96892D13861F}"
EndProject

EndProject
Global
	GlobalSection(SolutionConfigurationPlatforms) = preSolution
		Debug|Any CPU = Debug|Any CPU
		Debug|Mixed Platforms = Debug|Mixed Platforms
		Debug|x86 = Debug|x86
		Release|Any CPU = Release|Any CPU
		Release|Mixed Platforms = Release|Mixed Platforms
		Release|x86 = Release|x86
	EndGlobalSection
	GlobalSection(ProjectConfigurationPlatforms) = postSolution
		{55BAFEE0-1DC5-4500-89ED-809F7A82415D}.Debug|Any CPU.ActiveCfg = Debug|Any CPU
		{55BAFEE0-1DC5-4500-89ED-809F7A82415D}.Debug|Any CPU.Build.0 = Debug|Any CPU
		{55BAFEE0-1DC5-4500-89ED-809F7A82415D}.Debug|Mixed Platforms.ActiveCfg = Debug|Any CPU
		{55BAFEE0-1DC5-4500-89ED-809F7A82415D}.Debug|Mixed Platforms.Build.0 = Debug|Any CPU
		{55BAFEE0-1DC5-4500-89ED-809F7A82415D}.Debug|x86.ActiveCfg = Debug|Any CPU
		{55BAFEE0-1DC5-4500-89ED-809F7A82415D}.Debug|x86.Build.0 = Debug|Any CPU
		{55BAFEE0-1DC5-4500-89ED-809F7A82415D}.Release|Any CPU.ActiveCfg = Release|Any CPU
		{55BAFEE0-1DC5-4500-89ED-809F7A82415D}.Release|Any CPU.Build.0 = Release|Any CPU
		{55BAFEE0-1DC5-4500-89ED-809F7A82415D}.Release|Mixed Platforms.ActiveCfg = Release|Any CPU
		{55BAFEE0-1DC5-4500-89ED-809F7A82415D}.Release|Mixed Platforms.Build.0 = Release|Any CPU
		{55BAFEE0-1DC5-4500-89ED-809F7A82415D}.Release|x86.ActiveCfg = Release|Any CPU
		{5F57001B-1D90-4B81-B936-D7AA570C9CA6}.Debug|Any CPU.ActiveCfg = Debug|Any CPU
		{5F57001B-1D90-4B81-B936-D7AA570C9CA6}.Debug|Any CPU.Build.0 = Debug|Any CPU
		{5F57001B-1D90-4B81-B936-D7AA570C9CA6}.Debug|Mixed Platforms.ActiveCfg = Debug|Any CPU
		{5F57001B-1D90-4B81-B936-D7AA570C9CA6}.Debug|Mixed Platforms.Build.0 = Debug|Any CPU
		{5F57001B-1D90-4B81-B936-D7AA570C9CA6}.Debug|x86.ActiveCfg = Debug|Any CPU
		{5F57001B-1D90-4B81-B936-D7AA570C9CA6}.Debug|x86.Build.0 = Debug|Any CPU
		{5F57001B-1D90-4B81-B936-D7AA570C9CA6}.Release|Any CPU.ActiveCfg = Release|Any CPU
		{5F57001B-1D90-4B81-B936-D7AA570C9CA6}.Release|Any CPU.Build.0 = Release|Any CPU
		{5F57001B-1D90-4B81-B936-D7AA570C9CA6}.Release|Mixed Platforms.ActiveCfg = Release|Any CPU
		{5F57001B-1D90-4B81-B936-D7AA570C9CA6}.Release|Mixed Platforms.Build.0 = Release|Any CPU
		{5F57001B-1D90-4B81-B936-D7AA570C9CA6}.Release|x86.ActiveCfg = Release|Any CPU
		{16E0FF81-1548-4955-828D-C515E26DC750}.Debug|Any CPU.ActiveCfg = Debug|Any CPU
		{16E0FF81-1548-4955-828D-C515E26DC750}.Debug|Any CPU.Build.0 = Debug|Any CPU
		{16E0FF81-1548-4955-828D-C515E26DC750}.Debug|Mixed Platforms.ActiveCfg = Debug|Any CPU
		{16E0FF81-1548-4955-828D-C515E26DC750}.Debug|Mixed Platforms.Build.0 = Debug|Any CPU
		{16E0FF81-1548-4955-828D-C515E26DC750}.Debug|x86.ActiveCfg = Debug|Any CPU
		{16E0FF81-1548-4955-828D-C515E26DC750}.Debug|x86.Build.0 = Debug|Any CPU
		{16E0FF81-1548-4955-828D-C515E26DC750}.Release|Any CPU.ActiveCfg = Release|Any CPU
		{16E0FF81-1548-4955-828D-C515E26DC750}.Release|Any CPU.Build.0 = Release|Any CPU
		{16E0FF81-1548-4955-828D-C515E26DC750}.Release|Mixed Platforms.ActiveCfg = Release|Any CPU
		{16E0FF81-1548-4955-828D-C515E26DC750}.Release|Mixed Platforms.Build.0 = Release|Any CPU
		{16E0FF81-1548-4955-828D-C515E26DC750}.Release|x86.ActiveCfg = Release|Any CPU
		{91FB499A-D228-4316-B590-46C41CEE0534}.Debug|Any CPU.ActiveCfg = Debug|Any CPU
		{91FB499A-D228-4316-B590-46C41CEE0534}.Debug|Any CPU.Build.0 = Debug|Any CPU
		{91FB499A-D228-4316-B590-46C41CEE0534}.Debug|Mixed Platforms.ActiveCfg = Debug|Any CPU
		{91FB499A-D228-4316-B590-46C41CEE0534}.Debug|Mixed Platforms.Build.0 = Debug|Any CPU
		{91FB499A-D228-4316-B590-46C41CEE0534}.Debug|x86.ActiveCfg = Debug|Any CPU
		{91FB499A-D228-4316-B590-46C41CEE0534}.Debug|x86.Build.0 = Debug|Any CPU
		{91FB499A-D228-4316-B590-46C41CEE0534}.Release|Any CPU.ActiveCfg = Release|Any CPU
		{91FB499A-D228-4316-B590-46C41CEE0534}.Release|Any CPU.Build.0 = Release|Any CPU
		{91FB499A-D228-4316-B590-46C41CEE0534}.Release|Mixed Platforms.ActiveCfg = Release|Any CPU
		{91FB499A-D228-4316-B590-46C41CEE0534}.Release|Mixed Platforms.Build.0 = Release|Any CPU
		{91FB499A-D228-4316-B590-46C41CEE0534}.Release|x86.ActiveCfg = Release|Any CPU
		{98F0694A-7389-4F60-9FA5-AE054CDC6091}.Debug|Any CPU.ActiveCfg = Debug|Any CPU
		{98F0694A-7389-4F60-9FA5-AE054CDC6091}.Debug|Any CPU.Build.0 = Debug|Any CPU
		{98F0694A-7389-4F60-9FA5-AE054CDC6091}.Debug|Mixed Platforms.ActiveCfg = Debug|Any CPU
		{98F0694A-7389-4F60-9FA5-AE054CDC6091}.Debug|Mixed Platforms.Build.0 = Debug|Any CPU
		{98F0694A-7389-4F60-9FA5-AE054CDC6091}.Debug|x86.ActiveCfg = Debug|Any CPU
		{98F0694A-7389-4F60-9FA5-AE054CDC6091}.Debug|x86.Build.0 = Debug|Any CPU
		{98F0694A-7389-4F60-9FA5-AE054CDC6091}.Release|Any CPU.ActiveCfg = Release|Any CPU
		{98F0694A-7389-4F60-9FA5-AE054CDC6091}.Release|Any CPU.Build.0 = Release|Any CPU
		{98F0694A-7389-4F60-9FA5-AE054CDC6091}.Release|Mixed Platforms.ActiveCfg = Release|Any CPU
		{98F0694A-7389-4F60-9FA5-AE054CDC6091}.Release|Mixed Platforms.Build.0 = Release|Any CPU
		{98F0694A-7389-4F60-9FA5-AE054CDC6091}.Release|x86.ActiveCfg = Release|Any CPU
		{42A76EE4-BF9A-4462-97BF-EF3EB44FC3CB}.Debug|Any CPU.ActiveCfg = Debug|Any CPU
		{42A76EE4-BF9A-4462-97BF-EF3EB44FC3CB}.Debug|Any CPU.Build.0 = Debug|Any CPU
		{42A76EE4-BF9A-4462-97BF-EF3EB44FC3CB}.Debug|Mixed Platforms.ActiveCfg = Debug|Any CPU
		{42A76EE4-BF9A-4462-97BF-EF3EB44FC3CB}.Debug|Mixed Platforms.Build.0 = Debug|Any CPU
		{42A76EE4-BF9A-4462-97BF-EF3EB44FC3CB}.Debug|x86.ActiveCfg = Debug|Any CPU
		{42A76EE4-BF9A-4462-97BF-EF3EB44FC3CB}.Debug|x86.Build.0 = Debug|Any CPU
		{42A76EE4-BF9A-4462-97BF-EF3EB44FC3CB}.Release|Any CPU.ActiveCfg = Release|Any CPU
		{42A76EE4-BF9A-4462-97BF-EF3EB44FC3CB}.Release|Any CPU.Build.0 = Release|Any CPU
		{42A76EE4-BF9A-4462-97BF-EF3EB44FC3CB}.Release|Mixed Platforms.ActiveCfg = Release|Any CPU
		{42A76EE4-BF9A-4462-97BF-EF3EB44FC3CB}.Release|Mixed Platforms.Build.0 = Release|Any CPU
		{42A76EE4-BF9A-4462-97BF-EF3EB44FC3CB}.Release|x86.ActiveCfg = Release|Any CPU
		{4A71595F-CC1D-4614-BE6F-BF597758EC47}.Debug|Any CPU.ActiveCfg = Debug|x86
		{4A71595F-CC1D-4614-BE6F-BF597758EC47}.Debug|Any CPU.Build.0 = Debug|x86
		{4A71595F-CC1D-4614-BE6F-BF597758EC47}.Debug|Mixed Platforms.ActiveCfg = Debug|x86
		{4A71595F-CC1D-4614-BE6F-BF597758EC47}.Debug|Mixed Platforms.Build.0 = Debug|x86
		{4A71595F-CC1D-4614-BE6F-BF597758EC47}.Debug|x86.ActiveCfg = Debug|x86
		{4A71595F-CC1D-4614-BE6F-BF597758EC47}.Debug|x86.Build.0 = Debug|x86
		{4A71595F-CC1D-4614-BE6F-BF597758EC47}.Release|Any CPU.ActiveCfg = Release|x86
		{4A71595F-CC1D-4614-BE6F-BF597758EC47}.Release|Any CPU.Build.0 = Release|x86
		{4A71595F-CC1D-4614-BE6F-BF597758EC47}.Release|Mixed Platforms.ActiveCfg = Release|x86
		{4A71595F-CC1D-4614-BE6F-BF597758EC47}.Release|Mixed Platforms.Build.0 = Release|x86
		{4A71595F-CC1D-4614-BE6F-BF597758EC47}.Release|x86.ActiveCfg = Release|x86
		{4A71595F-CC1D-4614-BE6F-BF597758EC47}.Release|x86.Build.0 = Release|x86
		{39BE478E-9729-429E-AE6A-4938304D188A}.Debug|Any CPU.ActiveCfg = Debug|Any CPU
		{39BE478E-9729-429E-AE6A-4938304D188A}.Debug|Any CPU.Build.0 = Debug|Any CPU
		{39BE478E-9729-429E-AE6A-4938304D188A}.Debug|Mixed Platforms.ActiveCfg = Debug|Any CPU
		{39BE478E-9729-429E-AE6A-4938304D188A}.Debug|Mixed Platforms.Build.0 = Debug|Any CPU
		{39BE478E-9729-429E-AE6A-4938304D188A}.Debug|x86.ActiveCfg = Debug|Any CPU
		{39BE478E-9729-429E-AE6A-4938304D188A}.Debug|x86.Build.0 = Debug|Any CPU
		{39BE478E-9729-429E-AE6A-4938304D188A}.Release|Any CPU.ActiveCfg = Release|Any CPU
		{39BE478E-9729-429E-AE6A-4938304D188A}.Release|Any CPU.Build.0 = Release|Any CPU
		{39BE478E-9729-429E-AE6A-4938304D188A}.Release|Mixed Platforms.ActiveCfg = Release|Any CPU
		{39BE478E-9729-429E-AE6A-4938304D188A}.Release|Mixed Platforms.Build.0 = Release|Any CPU
		{39BE478E-9729-429E-AE6A-4938304D188A}.Release|x86.ActiveCfg = Release|Any CPU
		{259C438B-0EEB-41DC-94DA-6ADB6C457B92}.Debug|Any CPU.ActiveCfg = Debug|Any CPU
		{259C438B-0EEB-41DC-94DA-6ADB6C457B92}.Debug|Any CPU.Build.0 = Debug|Any CPU
		{259C438B-0EEB-41DC-94DA-6ADB6C457B92}.Debug|Mixed Platforms.ActiveCfg = Debug|Any CPU
		{259C438B-0EEB-41DC-94DA-6ADB6C457B92}.Debug|Mixed Platforms.Build.0 = Debug|Any CPU
		{259C438B-0EEB-41DC-94DA-6ADB6C457B92}.Debug|x86.ActiveCfg = Debug|Any CPU
		{259C438B-0EEB-41DC-94DA-6ADB6C457B92}.Debug|x86.Build.0 = Debug|Any CPU
		{259C438B-0EEB-41DC-94DA-6ADB6C457B92}.Release|Any CPU.ActiveCfg = Release|Any CPU
		{259C438B-0EEB-41DC-94DA-6ADB6C457B92}.Release|Any CPU.Build.0 = Release|Any CPU
		{259C438B-0EEB-41DC-94DA-6ADB6C457B92}.Release|Mixed Platforms.ActiveCfg = Release|Any CPU
		{259C438B-0EEB-41DC-94DA-6ADB6C457B92}.Release|Mixed Platforms.Build.0 = Release|Any CPU
		{259C438B-0EEB-41DC-94DA-6ADB6C457B92}.Release|x86.ActiveCfg = Release|Any CPU
		{9065B360-3792-43AF-A7B7-E77B79B595B6}.Debug|Any CPU.ActiveCfg = Debug|Any CPU
		{9065B360-3792-43AF-A7B7-E77B79B595B6}.Debug|Any CPU.Build.0 = Debug|Any CPU
		{9065B360-3792-43AF-A7B7-E77B79B595B6}.Debug|Mixed Platforms.ActiveCfg = Debug|Any CPU
		{9065B360-3792-43AF-A7B7-E77B79B595B6}.Debug|Mixed Platforms.Build.0 = Debug|Any CPU
		{9065B360-3792-43AF-A7B7-E77B79B595B6}.Debug|x86.ActiveCfg = Debug|Any CPU
		{9065B360-3792-43AF-A7B7-E77B79B595B6}.Debug|x86.Build.0 = Debug|Any CPU
		{9065B360-3792-43AF-A7B7-E77B79B595B6}.Release|Any CPU.ActiveCfg = Release|Any CPU
		{9065B360-3792-43AF-A7B7-E77B79B595B6}.Release|Any CPU.Build.0 = Release|Any CPU
		{9065B360-3792-43AF-A7B7-E77B79B595B6}.Release|Mixed Platforms.ActiveCfg = Release|Any CPU
		{9065B360-3792-43AF-A7B7-E77B79B595B6}.Release|Mixed Platforms.Build.0 = Release|Any CPU
		{9065B360-3792-43AF-A7B7-E77B79B595B6}.Release|x86.ActiveCfg = Release|Any CPU
		{9D8CC1E6-DA7B-4112-804D-4DC7E78CCD94}.Debug|Any CPU.ActiveCfg = Debug|Any CPU
		{9D8CC1E6-DA7B-4112-804D-4DC7E78CCD94}.Debug|Any CPU.Build.0 = Debug|Any CPU
		{9D8CC1E6-DA7B-4112-804D-4DC7E78CCD94}.Debug|Mixed Platforms.ActiveCfg = Debug|Any CPU
		{9D8CC1E6-DA7B-4112-804D-4DC7E78CCD94}.Debug|Mixed Platforms.Build.0 = Debug|Any CPU
		{9D8CC1E6-DA7B-4112-804D-4DC7E78CCD94}.Debug|x86.ActiveCfg = Debug|Any CPU
		{9D8CC1E6-DA7B-4112-804D-4DC7E78CCD94}.Debug|x86.Build.0 = Debug|Any CPU
		{9D8CC1E6-DA7B-4112-804D-4DC7E78CCD94}.Release|Any CPU.ActiveCfg = Release|Any CPU
		{9D8CC1E6-DA7B-4112-804D-4DC7E78CCD94}.Release|Any CPU.Build.0 = Release|Any CPU
		{9D8CC1E6-DA7B-4112-804D-4DC7E78CCD94}.Release|Mixed Platforms.ActiveCfg = Release|Any CPU
		{9D8CC1E6-DA7B-4112-804D-4DC7E78CCD94}.Release|Mixed Platforms.Build.0 = Release|Any CPU
		{9D8CC1E6-DA7B-4112-804D-4DC7E78CCD94}.Release|x86.ActiveCfg = Release|Any CPU
		{74EB82FA-BA70-4AD6-873D-2DC607747370}.Debug|Any CPU.ActiveCfg = Debug|Any CPU
		{74EB82FA-BA70-4AD6-873D-2DC607747370}.Debug|Any CPU.Build.0 = Debug|Any CPU
		{74EB82FA-BA70-4AD6-873D-2DC607747370}.Debug|Mixed Platforms.ActiveCfg = Debug|Any CPU
		{74EB82FA-BA70-4AD6-873D-2DC607747370}.Debug|Mixed Platforms.Build.0 = Debug|Any CPU
		{74EB82FA-BA70-4AD6-873D-2DC607747370}.Debug|x86.ActiveCfg = Debug|Any CPU
		{74EB82FA-BA70-4AD6-873D-2DC607747370}.Release|Any CPU.ActiveCfg = Release|Any CPU
		{74EB82FA-BA70-4AD6-873D-2DC607747370}.Release|Any CPU.Build.0 = Release|Any CPU
		{74EB82FA-BA70-4AD6-873D-2DC607747370}.Release|Mixed Platforms.ActiveCfg = Release|Any CPU
		{74EB82FA-BA70-4AD6-873D-2DC607747370}.Release|Mixed Platforms.Build.0 = Release|Any CPU
		{74EB82FA-BA70-4AD6-873D-2DC607747370}.Release|x86.ActiveCfg = Release|Any CPU
		{E80DA708-28D3-40A0-ABC1-2632B1211F11}.Debug|Any CPU.ActiveCfg = Debug|Any CPU
		{E80DA708-28D3-40A0-ABC1-2632B1211F11}.Debug|Any CPU.Build.0 = Debug|Any CPU
		{E80DA708-28D3-40A0-ABC1-2632B1211F11}.Debug|Mixed Platforms.ActiveCfg = Debug|Any CPU
		{E80DA708-28D3-40A0-ABC1-2632B1211F11}.Debug|Mixed Platforms.Build.0 = Debug|Any CPU
		{E80DA708-28D3-40A0-ABC1-2632B1211F11}.Debug|x86.ActiveCfg = Debug|Any CPU
		{E80DA708-28D3-40A0-ABC1-2632B1211F11}.Release|Any CPU.ActiveCfg = Release|Any CPU
		{E80DA708-28D3-40A0-ABC1-2632B1211F11}.Release|Any CPU.Build.0 = Release|Any CPU
		{E80DA708-28D3-40A0-ABC1-2632B1211F11}.Release|Mixed Platforms.ActiveCfg = Release|Any CPU
		{E80DA708-28D3-40A0-ABC1-2632B1211F11}.Release|Mixed Platforms.Build.0 = Release|Any CPU
		{E80DA708-28D3-40A0-ABC1-2632B1211F11}.Release|x86.ActiveCfg = Release|Any CPU
		{417F2AC7-015E-4789-94BF-F399B59438C1}.Debug|Any CPU.ActiveCfg = Debug|Any CPU
		{417F2AC7-015E-4789-94BF-F399B59438C1}.Debug|Any CPU.Build.0 = Debug|Any CPU
		{417F2AC7-015E-4789-94BF-F399B59438C1}.Debug|Mixed Platforms.ActiveCfg = Debug|Any CPU
		{417F2AC7-015E-4789-94BF-F399B59438C1}.Debug|Mixed Platforms.Build.0 = Debug|Any CPU
		{417F2AC7-015E-4789-94BF-F399B59438C1}.Debug|x86.ActiveCfg = Debug|Any CPU
		{417F2AC7-015E-4789-94BF-F399B59438C1}.Release|Any CPU.ActiveCfg = Release|Any CPU
		{417F2AC7-015E-4789-94BF-F399B59438C1}.Release|Any CPU.Build.0 = Release|Any CPU
		{417F2AC7-015E-4789-94BF-F399B59438C1}.Release|Mixed Platforms.ActiveCfg = Release|Any CPU
		{417F2AC7-015E-4789-94BF-F399B59438C1}.Release|Mixed Platforms.Build.0 = Release|Any CPU
		{417F2AC7-015E-4789-94BF-F399B59438C1}.Release|x86.ActiveCfg = Release|Any CPU
		{E0F977A7-A9EF-47BB-BC34-174F233ADB61}.Debug|Any CPU.ActiveCfg = Debug|Any CPU
		{E0F977A7-A9EF-47BB-BC34-174F233ADB61}.Debug|Any CPU.Build.0 = Debug|Any CPU
		{E0F977A7-A9EF-47BB-BC34-174F233ADB61}.Debug|Mixed Platforms.ActiveCfg = Debug|Any CPU
		{E0F977A7-A9EF-47BB-BC34-174F233ADB61}.Debug|Mixed Platforms.Build.0 = Debug|Any CPU
		{E0F977A7-A9EF-47BB-BC34-174F233ADB61}.Debug|x86.ActiveCfg = Debug|Any CPU
		{E0F977A7-A9EF-47BB-BC34-174F233ADB61}.Release|Any CPU.ActiveCfg = Release|Any CPU
		{E0F977A7-A9EF-47BB-BC34-174F233ADB61}.Release|Any CPU.Build.0 = Release|Any CPU
		{E0F977A7-A9EF-47BB-BC34-174F233ADB61}.Release|Mixed Platforms.ActiveCfg = Release|Any CPU
		{E0F977A7-A9EF-47BB-BC34-174F233ADB61}.Release|Mixed Platforms.Build.0 = Release|Any CPU
		{E0F977A7-A9EF-47BB-BC34-174F233ADB61}.Release|x86.ActiveCfg = Release|Any CPU
		{674756C2-E825-4F61-89A9-92783EC86A40}.Debug|Any CPU.ActiveCfg = Debug|Any CPU
		{674756C2-E825-4F61-89A9-92783EC86A40}.Debug|Any CPU.Build.0 = Debug|Any CPU
		{674756C2-E825-4F61-89A9-92783EC86A40}.Debug|Mixed Platforms.ActiveCfg = Debug|Any CPU
		{674756C2-E825-4F61-89A9-92783EC86A40}.Debug|Mixed Platforms.Build.0 = Debug|Any CPU
		{674756C2-E825-4F61-89A9-92783EC86A40}.Debug|x86.ActiveCfg = Debug|Any CPU
		{674756C2-E825-4F61-89A9-92783EC86A40}.Release|Any CPU.ActiveCfg = Release|Any CPU
		{674756C2-E825-4F61-89A9-92783EC86A40}.Release|Any CPU.Build.0 = Release|Any CPU
		{674756C2-E825-4F61-89A9-92783EC86A40}.Release|Mixed Platforms.ActiveCfg = Release|Any CPU
		{674756C2-E825-4F61-89A9-92783EC86A40}.Release|Mixed Platforms.Build.0 = Release|Any CPU
		{674756C2-E825-4F61-89A9-92783EC86A40}.Release|x86.ActiveCfg = Release|Any CPU
		{74E9D950-5134-476C-92A0-62F237EBEC9C}.Debug|Any CPU.ActiveCfg = Debug|Any CPU
		{74E9D950-5134-476C-92A0-62F237EBEC9C}.Debug|Any CPU.Build.0 = Debug|Any CPU
		{74E9D950-5134-476C-92A0-62F237EBEC9C}.Debug|Mixed Platforms.ActiveCfg = Debug|Any CPU
		{74E9D950-5134-476C-92A0-62F237EBEC9C}.Debug|Mixed Platforms.Build.0 = Debug|Any CPU
		{74E9D950-5134-476C-92A0-62F237EBEC9C}.Debug|x86.ActiveCfg = Debug|Any CPU
		{74E9D950-5134-476C-92A0-62F237EBEC9C}.Release|Any CPU.ActiveCfg = Release|Any CPU
		{74E9D950-5134-476C-92A0-62F237EBEC9C}.Release|Any CPU.Build.0 = Release|Any CPU
		{74E9D950-5134-476C-92A0-62F237EBEC9C}.Release|Mixed Platforms.ActiveCfg = Release|Any CPU
		{74E9D950-5134-476C-92A0-62F237EBEC9C}.Release|Mixed Platforms.Build.0 = Release|Any CPU
		{74E9D950-5134-476C-92A0-62F237EBEC9C}.Release|x86.ActiveCfg = Release|Any CPU
		{A9EF70DE-11A5-4EF3-BDEA-39DD1106598D}.Debug|Any CPU.ActiveCfg = Debug|Any CPU
		{A9EF70DE-11A5-4EF3-BDEA-39DD1106598D}.Debug|Any CPU.Build.0 = Debug|Any CPU
		{A9EF70DE-11A5-4EF3-BDEA-39DD1106598D}.Debug|Mixed Platforms.ActiveCfg = Debug|Any CPU
		{A9EF70DE-11A5-4EF3-BDEA-39DD1106598D}.Debug|Mixed Platforms.Build.0 = Debug|Any CPU
		{A9EF70DE-11A5-4EF3-BDEA-39DD1106598D}.Debug|x86.ActiveCfg = Debug|Any CPU
		{A9EF70DE-11A5-4EF3-BDEA-39DD1106598D}.Release|Any CPU.ActiveCfg = Release|Any CPU
		{A9EF70DE-11A5-4EF3-BDEA-39DD1106598D}.Release|Any CPU.Build.0 = Release|Any CPU
		{A9EF70DE-11A5-4EF3-BDEA-39DD1106598D}.Release|Mixed Platforms.ActiveCfg = Release|Any CPU
		{A9EF70DE-11A5-4EF3-BDEA-39DD1106598D}.Release|Mixed Platforms.Build.0 = Release|Any CPU
		{A9EF70DE-11A5-4EF3-BDEA-39DD1106598D}.Release|x86.ActiveCfg = Release|Any CPU
		{DDD64C33-8C48-47ED-8350-6B8736EE76E3}.Debug|Any CPU.ActiveCfg = Debug|Any CPU
		{DDD64C33-8C48-47ED-8350-6B8736EE76E3}.Debug|Any CPU.Build.0 = Debug|Any CPU
		{DDD64C33-8C48-47ED-8350-6B8736EE76E3}.Debug|Mixed Platforms.ActiveCfg = Debug|Any CPU
		{DDD64C33-8C48-47ED-8350-6B8736EE76E3}.Debug|Mixed Platforms.Build.0 = Debug|Any CPU
		{DDD64C33-8C48-47ED-8350-6B8736EE76E3}.Debug|x86.ActiveCfg = Debug|Any CPU
		{DDD64C33-8C48-47ED-8350-6B8736EE76E3}.Release|Any CPU.ActiveCfg = Release|Any CPU
		{DDD64C33-8C48-47ED-8350-6B8736EE76E3}.Release|Any CPU.Build.0 = Release|Any CPU
		{DDD64C33-8C48-47ED-8350-6B8736EE76E3}.Release|Mixed Platforms.ActiveCfg = Release|Any CPU
		{DDD64C33-8C48-47ED-8350-6B8736EE76E3}.Release|Mixed Platforms.Build.0 = Release|Any CPU
		{DDD64C33-8C48-47ED-8350-6B8736EE76E3}.Release|x86.ActiveCfg = Release|Any CPU
		{33A59690-A9E6-4F14-9261-D46AB639F807}.Debug|Any CPU.ActiveCfg = Debug|Any CPU
		{33A59690-A9E6-4F14-9261-D46AB639F807}.Debug|Any CPU.Build.0 = Debug|Any CPU
		{33A59690-A9E6-4F14-9261-D46AB639F807}.Debug|Mixed Platforms.ActiveCfg = Debug|Any CPU
		{33A59690-A9E6-4F14-9261-D46AB639F807}.Debug|Mixed Platforms.Build.0 = Debug|Any CPU
		{33A59690-A9E6-4F14-9261-D46AB639F807}.Debug|x86.ActiveCfg = Debug|Any CPU
		{33A59690-A9E6-4F14-9261-D46AB639F807}.Release|Any CPU.ActiveCfg = Release|Any CPU
		{33A59690-A9E6-4F14-9261-D46AB639F807}.Release|Any CPU.Build.0 = Release|Any CPU
		{33A59690-A9E6-4F14-9261-D46AB639F807}.Release|Mixed Platforms.ActiveCfg = Release|Any CPU
		{33A59690-A9E6-4F14-9261-D46AB639F807}.Release|Mixed Platforms.Build.0 = Release|Any CPU
		{33A59690-A9E6-4F14-9261-D46AB639F807}.Release|x86.ActiveCfg = Release|Any CPU
		{493A9E39-2A78-4055-9BDC-7F52BB5375E2}.Debug|Any CPU.ActiveCfg = Debug|Any CPU
		{493A9E39-2A78-4055-9BDC-7F52BB5375E2}.Debug|Any CPU.Build.0 = Debug|Any CPU
		{493A9E39-2A78-4055-9BDC-7F52BB5375E2}.Debug|Mixed Platforms.ActiveCfg = Debug|Any CPU
		{493A9E39-2A78-4055-9BDC-7F52BB5375E2}.Debug|Mixed Platforms.Build.0 = Debug|Any CPU
		{493A9E39-2A78-4055-9BDC-7F52BB5375E2}.Debug|x86.ActiveCfg = Debug|Any CPU
		{493A9E39-2A78-4055-9BDC-7F52BB5375E2}.Release|Any CPU.ActiveCfg = Release|Any CPU
		{493A9E39-2A78-4055-9BDC-7F52BB5375E2}.Release|Any CPU.Build.0 = Release|Any CPU
		{493A9E39-2A78-4055-9BDC-7F52BB5375E2}.Release|Mixed Platforms.ActiveCfg = Release|Any CPU
		{493A9E39-2A78-4055-9BDC-7F52BB5375E2}.Release|Mixed Platforms.Build.0 = Release|Any CPU
		{493A9E39-2A78-4055-9BDC-7F52BB5375E2}.Release|x86.ActiveCfg = Release|Any CPU
		{2A8AC90E-078A-4044-B51B-96892D13861F}.Debug|Any CPU.ActiveCfg = Debug|Any CPU
		{2A8AC90E-078A-4044-B51B-96892D13861F}.Debug|Any CPU.Build.0 = Debug|Any CPU
		{2A8AC90E-078A-4044-B51B-96892D13861F}.Debug|Mixed Platforms.ActiveCfg = Debug|Any CPU
		{2A8AC90E-078A-4044-B51B-96892D13861F}.Debug|Mixed Platforms.Build.0 = Debug|Any CPU
		{2A8AC90E-078A-4044-B51B-96892D13861F}.Debug|x86.ActiveCfg = Debug|Any CPU
		{2A8AC90E-078A-4044-B51B-96892D13861F}.Release|Any CPU.ActiveCfg = Release|Any CPU
		{2A8AC90E-078A-4044-B51B-96892D13861F}.Release|Any CPU.Build.0 = Release|Any CPU
		{2A8AC90E-078A-4044-B51B-96892D13861F}.Release|Mixed Platforms.ActiveCfg = Release|Any CPU
		{2A8AC90E-078A-4044-B51B-96892D13861F}.Release|Mixed Platforms.Build.0 = Release|Any CPU
		{2A8AC90E-078A-4044-B51B-96892D13861F}.Release|x86.ActiveCfg = Release|Any CPU
	EndGlobalSection
	GlobalSection(SolutionProperties) = preSolution
		HideSolutionNode = FALSE
	EndGlobalSection
	GlobalSection(NestedProjects) = preSolution
		{5F57001B-1D90-4B81-B936-D7AA570C9CA6} = {9E728391-46B3-4978-956F-200F711096F7}
		{16E0FF81-1548-4955-828D-C515E26DC750} = {9E728391-46B3-4978-956F-200F711096F7}
		{91FB499A-D228-4316-B590-46C41CEE0534} = {9E728391-46B3-4978-956F-200F711096F7}
		{CFC76CA1-8476-40CC-9881-F309E4C8D7EF} = {9E728391-46B3-4978-956F-200F711096F7}
		{55BAFEE0-1DC5-4500-89ED-809F7A82415D} = {9E728391-46B3-4978-956F-200F711096F7}
		{9CC5C126-8903-45F5-ADB2-A59D36430935} = {9E728391-46B3-4978-956F-200F711096F7}
		{E0F977A7-A9EF-47BB-BC34-174F233ADB61} = {9E728391-46B3-4978-956F-200F711096F7}
		{98F0694A-7389-4F60-9FA5-AE054CDC6091} = {CFC76CA1-8476-40CC-9881-F309E4C8D7EF}
		{39BE478E-9729-429E-AE6A-4938304D188A} = {CFC76CA1-8476-40CC-9881-F309E4C8D7EF}
		{E80DA708-28D3-40A0-ABC1-2632B1211F11} = {CFC76CA1-8476-40CC-9881-F309E4C8D7EF}
		{10532082-8ED0-440F-875D-F494705A00CB} = {E2E851F4-0800-4D65-A2B1-6B4042D4430D}
		{FEA02944-57DD-4CD0-AE0C-84AD43B78D55} = {E2E851F4-0800-4D65-A2B1-6B4042D4430D}
		{83111CD2-9798-4F9E-A7AF-5617F6A06577} = {E2E851F4-0800-4D65-A2B1-6B4042D4430D}
		{42A76EE4-BF9A-4462-97BF-EF3EB44FC3CB} = {10532082-8ED0-440F-875D-F494705A00CB}
		{674756C2-E825-4F61-89A9-92783EC86A40} = {10532082-8ED0-440F-875D-F494705A00CB}
		{DDD64C33-8C48-47ED-8350-6B8736EE76E3} = {10532082-8ED0-440F-875D-F494705A00CB}
		{33A59690-A9E6-4F14-9261-D46AB639F807} = {10532082-8ED0-440F-875D-F494705A00CB}
		{493A9E39-2A78-4055-9BDC-7F52BB5375E2} = {10532082-8ED0-440F-875D-F494705A00CB}
		{259C438B-0EEB-41DC-94DA-6ADB6C457B92} = {FEA02944-57DD-4CD0-AE0C-84AD43B78D55}
		{9065B360-3792-43AF-A7B7-E77B79B595B6} = {FEA02944-57DD-4CD0-AE0C-84AD43B78D55}
		{9D8CC1E6-DA7B-4112-804D-4DC7E78CCD94} = {FEA02944-57DD-4CD0-AE0C-84AD43B78D55}
		{74E9D950-5134-476C-92A0-62F237EBEC9C} = {FEA02944-57DD-4CD0-AE0C-84AD43B78D55}
		{74EB82FA-BA70-4AD6-873D-2DC607747370} = {9CC5C126-8903-45F5-ADB2-A59D36430935}
		{417F2AC7-015E-4789-94BF-F399B59438C1} = {83111CD2-9798-4F9E-A7AF-5617F6A06577}
		{2A8AC90E-078A-4044-B51B-96892D13861F} = {83111CD2-9798-4F9E-A7AF-5617F6A06577}
	EndGlobalSection
EndGlobal
