
Microsoft Visual Studio Solution File, Format Version 11.00
# Visual Studio 2010
Project("{8BC9CEB8-8B4A-11D0-8D11-00A0C91BC942}") = "Core", "Core\Core.vcxproj", "{1B792909-3006-4D2B-865D-53363732E4F2}"
EndProject
Project("{8BC9CEB8-8B4A-11D0-8D11-00A0C91BC942}") = "CoreImpl1D", "CoreImpl1D\CoreImpl1D.vcxproj", "{ECE84590-86BD-480A-9B5B-6E1CD9085211}"
EndProject
Global
	GlobalSection(SolutionConfigurationPlatforms) = preSolution
		Debug|Win32 = Debug|Win32
		Release|Win32 = Release|Win32
	EndGlobalSection
	GlobalSection(ProjectConfigurationPlatforms) = postSolution
		{1B792909-3006-4D2B-865D-53363732E4F2}.Debug|Win32.ActiveCfg = Debug|Win32
		{1B792909-3006-4D2B-865D-53363732E4F2}.Debug|Win32.Build.0 = Debug|Win32
		{1B792909-3006-4D2B-865D-53363732E4F2}.Release|Win32.ActiveCfg = Release|Win32
		{1B792909-3006-4D2B-865D-53363732E4F2}.Release|Win32.Build.0 = Release|Win32
		{ECE84590-86BD-480A-9B5B-6E1CD9085211}.Debug|Win32.ActiveCfg = Debug|Win32
		{ECE84590-86BD-480A-9B5B-6E1CD9085211}.Debug|Win32.Build.0 = Debug|Win32
		{ECE84590-86BD-480A-9B5B-6E1CD9085211}.Release|Win32.ActiveCfg = Release|Win32
		{ECE84590-86BD-480A-9B5B-6E1CD9085211}.Release|Win32.Build.0 = Release|Win32
	EndGlobalSection
	GlobalSection(SolutionProperties) = preSolution
		HideSolutionNode = FALSE
	EndGlobalSection
EndGlobal
